
Microsoft Visual Studio Solution File, Format Version 12.00
# Visual Studio 15
VisualStudioVersion = 15.0.27130.2024
MinimumVisualStudioVersion = 10.0.40219.1
Project("{FAE04EC0-301F-11D3-BF4B-00C04F79EFBC}") = "KosztorysKierowcy", "KosztorysKierowcy\KosztorysKierowcy.csproj", "{12283F87-5E0B-4DD0-93DF-E83A7C9CB1CD}"
EndProject
Global
	GlobalSection(SolutionConfigurationPlatforms) = preSolution
		Debug|Any CPU = Debug|Any CPU
		Release|Any CPU = Release|Any CPU
	EndGlobalSection
	GlobalSection(ProjectConfigurationPlatforms) = postSolution
		{12283F87-5E0B-4DD0-93DF-E83A7C9CB1CD}.Debug|Any CPU.ActiveCfg = Debug|Any CPU
		{12283F87-5E0B-4DD0-93DF-E83A7C9CB1CD}.Debug|Any CPU.Build.0 = Debug|Any CPU
		{12283F87-5E0B-4DD0-93DF-E83A7C9CB1CD}.Release|Any CPU.ActiveCfg = Release|Any CPU
		{12283F87-5E0B-4DD0-93DF-E83A7C9CB1CD}.Release|Any CPU.Build.0 = Release|Any CPU
	EndGlobalSection
	GlobalSection(SolutionProperties) = preSolution
		HideSolutionNode = FALSE
	EndGlobalSection
	GlobalSection(ExtensibilityGlobals) = postSolution
		SolutionGuid = {4B48F886-4E34-4BDA-AAB8-D53E8F0326E1}
	EndGlobalSection
EndGlobal
